
Microsoft Visual Studio Solution File, Format Version 12.00
# Visual Studio 15
VisualStudioVersion = 15.0.28010.2036
MinimumVisualStudioVersion = 10.0.40219.1
Project("{888888A0-9F3D-457C-B088-3A5042F75D52}") = "Lists and strings", "Lists and strings\Lists and strings.pyproj", "{B28E2A9E-DCEC-4467-B923-AE7F8000C880}"
EndProject
Global
	GlobalSection(SolutionConfigurationPlatforms) = preSolution
		Debug|Any CPU = Debug|Any CPU
		Release|Any CPU = Release|Any CPU
	EndGlobalSection
	GlobalSection(ProjectConfigurationPlatforms) = postSolution
		{B28E2A9E-DCEC-4467-B923-AE7F8000C880}.Debug|Any CPU.ActiveCfg = Debug|Any CPU
		{B28E2A9E-DCEC-4467-B923-AE7F8000C880}.Release|Any CPU.ActiveCfg = Release|Any CPU
	EndGlobalSection
	GlobalSection(SolutionProperties) = preSolution
		HideSolutionNode = FALSE
	EndGlobalSection
	GlobalSection(ExtensibilityGlobals) = postSolution
		SolutionGuid = {5EFFC356-93BC-469F-BC3F-51F5A8688081}
	EndGlobalSection
EndGlobal
