
Microsoft Visual Studio Solution File, Format Version 12.00
# Visual Studio 15
VisualStudioVersion = 15.0.28010.2036
MinimumVisualStudioVersion = 10.0.40219.1
Project("{888888A0-9F3D-457C-B088-3A5042F75D52}") = "4 Files schrijven", "4 Files schrijven\4 Files schrijven.pyproj", "{EE7882F7-0B0F-4B99-8C83-FE4257A4F6AE}"
EndProject
Global
	GlobalSection(SolutionConfigurationPlatforms) = preSolution
		Debug|Any CPU = Debug|Any CPU
		Release|Any CPU = Release|Any CPU
	EndGlobalSection
	GlobalSection(ProjectConfigurationPlatforms) = postSolution
		{EE7882F7-0B0F-4B99-8C83-FE4257A4F6AE}.Debug|Any CPU.ActiveCfg = Debug|Any CPU
		{EE7882F7-0B0F-4B99-8C83-FE4257A4F6AE}.Release|Any CPU.ActiveCfg = Release|Any CPU
	EndGlobalSection
	GlobalSection(SolutionProperties) = preSolution
		HideSolutionNode = FALSE
	EndGlobalSection
	GlobalSection(ExtensibilityGlobals) = postSolution
		SolutionGuid = {C99CA464-5BDD-41A1-A7A5-2AD28F075AFE}
	EndGlobalSection
EndGlobal
