
Microsoft Visual Studio Solution File, Format Version 12.00
# Visual Studio 15
VisualStudioVersion = 15.0.28010.2019
MinimumVisualStudioVersion = 10.0.40219.1
Project("{888888A0-9F3D-457C-B088-3A5042F75D52}") = "Functie met if", "Functie met if\Functie met if.pyproj", "{9776F663-BE23-4FD6-827C-3A030659327C}"
EndProject
Global
	GlobalSection(SolutionConfigurationPlatforms) = preSolution
		Debug|Any CPU = Debug|Any CPU
		Release|Any CPU = Release|Any CPU
	EndGlobalSection
	GlobalSection(ProjectConfigurationPlatforms) = postSolution
		{9776F663-BE23-4FD6-827C-3A030659327C}.Debug|Any CPU.ActiveCfg = Debug|Any CPU
		{9776F663-BE23-4FD6-827C-3A030659327C}.Release|Any CPU.ActiveCfg = Release|Any CPU
	EndGlobalSection
	GlobalSection(SolutionProperties) = preSolution
		HideSolutionNode = FALSE
	EndGlobalSection
	GlobalSection(ExtensibilityGlobals) = postSolution
		SolutionGuid = {3A919C11-DBA2-4F83-8908-82D33DD50720}
	EndGlobalSection
EndGlobal
