
Microsoft Visual Studio Solution File, Format Version 12.00
# Visual Studio 15
VisualStudioVersion = 15.0.28010.2036
MinimumVisualStudioVersion = 10.0.40219.1
Project("{888888A0-9F3D-457C-B088-3A5042F75D52}") = "String functions", "String functions\String functions.pyproj", "{72A09186-05DC-4848-8F08-BB456A3536AF}"
EndProject
Global
	GlobalSection(SolutionConfigurationPlatforms) = preSolution
		Debug|Any CPU = Debug|Any CPU
		Release|Any CPU = Release|Any CPU
	EndGlobalSection
	GlobalSection(ProjectConfigurationPlatforms) = postSolution
		{72A09186-05DC-4848-8F08-BB456A3536AF}.Debug|Any CPU.ActiveCfg = Debug|Any CPU
		{72A09186-05DC-4848-8F08-BB456A3536AF}.Release|Any CPU.ActiveCfg = Release|Any CPU
	EndGlobalSection
	GlobalSection(SolutionProperties) = preSolution
		HideSolutionNode = FALSE
	EndGlobalSection
	GlobalSection(ExtensibilityGlobals) = postSolution
		SolutionGuid = {10326134-B1E4-4E2C-8A75-96E74E1AE82D}
	EndGlobalSection
EndGlobal
