
Microsoft Visual Studio Solution File, Format Version 12.00
# Visual Studio 15
VisualStudioVersion = 15.0.28010.2036
MinimumVisualStudioVersion = 10.0.40219.1
Project("{888888A0-9F3D-457C-B088-3A5042F75D52}") = "Bagagekluizen", "Bagagekluizen\Bagagekluizen.pyproj", "{A2F8CC8B-F4DB-442E-B017-FDFC30191631}"
EndProject
Global
	GlobalSection(SolutionConfigurationPlatforms) = preSolution
		Debug|Any CPU = Debug|Any CPU
		Release|Any CPU = Release|Any CPU
	EndGlobalSection
	GlobalSection(ProjectConfigurationPlatforms) = postSolution
		{A2F8CC8B-F4DB-442E-B017-FDFC30191631}.Debug|Any CPU.ActiveCfg = Debug|Any CPU
		{A2F8CC8B-F4DB-442E-B017-FDFC30191631}.Release|Any CPU.ActiveCfg = Release|Any CPU
	EndGlobalSection
	GlobalSection(SolutionProperties) = preSolution
		HideSolutionNode = FALSE
	EndGlobalSection
	GlobalSection(ExtensibilityGlobals) = postSolution
		SolutionGuid = {D4520C98-525C-4ED9-9532-36CB4B3D4FC4}
	EndGlobalSection
EndGlobal
